// !$*UTF8*$!
{
	archiveVersion = 1;
	classes = {
	};
	objectVersion = 48;
	objects = {

/* Begin PBXBuildFile section */
		5DE0431AF0C459163F5A4BA4 /* Pods_Aceh.framework in Frameworks */ = {isa = PBXBuildFile; fileRef = 828B82BB5862A0F198297099 /* Pods_Aceh.framework */; };
		D697BC2E1FC8F567002021B0 /* AppDelegate.swift in Sources */ = {isa = PBXBuildFile; fileRef = D697BC2D1FC8F567002021B0 /* AppDelegate.swift */; };
		D697BC301FC8F567002021B0 /* ViewController.swift in Sources */ = {isa = PBXBuildFile; fileRef = D697BC2F1FC8F567002021B0 /* ViewController.swift */; };
		D697BC331FC8F567002021B0 /* Main.storyboard in Resources */ = {isa = PBXBuildFile; fileRef = D697BC311FC8F567002021B0 /* Main.storyboard */; };
		D697BC351FC8F567002021B0 /* Assets.xcassets in Resources */ = {isa = PBXBuildFile; fileRef = D697BC341FC8F567002021B0 /* Assets.xcassets */; };
		D697BC381FC8F567002021B0 /* LaunchScreen.storyboard in Resources */ = {isa = PBXBuildFile; fileRef = D697BC361FC8F567002021B0 /* LaunchScreen.storyboard */; };
		D697BC431FC8F567002021B0 /* AcehTests.swift in Sources */ = {isa = PBXBuildFile; fileRef = D697BC421FC8F567002021B0 /* AcehTests.swift */; };
		D697BC4E1FC8F567002021B0 /* AcehUITests.swift in Sources */ = {isa = PBXBuildFile; fileRef = D697BC4D1FC8F567002021B0 /* AcehUITests.swift */; };
		D697BC5C1FC8F644002021B0 /* ResepTableViewCell.swift in Sources */ = {isa = PBXBuildFile; fileRef = D697BC5B1FC8F644002021B0 /* ResepTableViewCell.swift */; };
		D697BC5E1FC8F652002021B0 /* ResepTableViewController.swift in Sources */ = {isa = PBXBuildFile; fileRef = D697BC5D1FC8F652002021B0 /* ResepTableViewController.swift */; };
		D697BC601FC8F666002021B0 /* DetailViewController.swift in Sources */ = {isa = PBXBuildFile; fileRef = D697BC5F1FC8F666002021B0 /* DetailViewController.swift */; };
/* End PBXBuildFile section */

/* Begin PBXContainerItemProxy section */
		D697BC3F1FC8F567002021B0 /* PBXContainerItemProxy */ = {
			isa = PBXContainerItemProxy;
			containerPortal = D697BC221FC8F567002021B0 /* Project object */;
			proxyType = 1;
			remoteGlobalIDString = D697BC291FC8F567002021B0;
			remoteInfo = Aceh;
		};
		D697BC4A1FC8F567002021B0 /* PBXContainerItemProxy */ = {
			isa = PBXContainerItemProxy;
			containerPortal = D697BC221FC8F567002021B0 /* Project object */;
			proxyType = 1;
			remoteGlobalIDString = D697BC291FC8F567002021B0;
			remoteInfo = Aceh;
		};
/* End PBXContainerItemProxy section */

/* Begin PBXFileReference section */
		828B82BB5862A0F198297099 /* Pods_Aceh.framework */ = {isa = PBXFileReference; explicitFileType = wrapper.framework; includeInIndex = 0; path = Pods_Aceh.framework; sourceTree = BUILT_PRODUCTS_DIR; };
		8E1357552FA93A3CE22D6BB2 /* Pods-Aceh.debug.xcconfig */ = {isa = PBXFileReference; includeInIndex = 1; lastKnownFileType = text.xcconfig; name = "Pods-Aceh.debug.xcconfig"; path = "Pods/Target Support Files/Pods-Aceh/Pods-Aceh.debug.xcconfig"; sourceTree = "<group>"; };
		9B9CD1C19B263966AF1571FE /* Pods-Aceh.release.xcconfig */ = {isa = PBXFileReference; includeInIndex = 1; lastKnownFileType = text.xcconfig; name = "Pods-Aceh.release.xcconfig"; path = "Pods/Target Support Files/Pods-Aceh/Pods-Aceh.release.xcconfig"; sourceTree = "<group>"; };
		D697BC2A1FC8F567002021B0 /* Aceh.app */ = {isa = PBXFileReference; explicitFileType = wrapper.application; includeInIndex = 0; path = Aceh.app; sourceTree = BUILT_PRODUCTS_DIR; };
		D697BC2D1FC8F567002021B0 /* AppDelegate.swift */ = {isa = PBXFileReference; lastKnownFileType = sourcecode.swift; path = AppDelegate.swift; sourceTree = "<group>"; };
		D697BC2F1FC8F567002021B0 /* ViewController.swift */ = {isa = PBXFileReference; lastKnownFileType = sourcecode.swift; path = ViewController.swift; sourceTree = "<group>"; };
		D697BC321FC8F567002021B0 /* Base */ = {isa = PBXFileReference; lastKnownFileType = file.storyboard; name = Base; path = Base.lproj/Main.storyboard; sourceTree = "<group>"; };
		D697BC341FC8F567002021B0 /* Assets.xcassets */ = {isa = PBXFileReference; lastKnownFileType = folder.assetcatalog; path = Assets.xcassets; sourceTree = "<group>"; };
		D697BC371FC8F567002021B0 /* Base */ = {isa = PBXFileReference; lastKnownFileType = file.storyboard; name = Base; path = Base.lproj/LaunchScreen.storyboard; sourceTree = "<group>"; };
		D697BC391FC8F567002021B0 /* Info.plist */ = {isa = PBXFileReference; lastKnownFileType = text.plist.xml; path = Info.plist; sourceTree = "<group>"; };
		D697BC3E1FC8F567002021B0 /* AcehTests.xctest */ = {isa = PBXFileReference; explicitFileType = wrapper.cfbundle; includeInIndex = 0; path = AcehTests.xctest; sourceTree = BUILT_PRODUCTS_DIR; };
		D697BC421FC8F567002021B0 /* AcehTests.swift */ = {isa = PBXFileReference; lastKnownFileType = sourcecode.swift; path = AcehTests.swift; sourceTree = "<group>"; };
		D697BC441FC8F567002021B0 /* Info.plist */ = {isa = PBXFileReference; lastKnownFileType = text.plist.xml; path = Info.plist; sourceTree = "<group>"; };
		D697BC491FC8F567002021B0 /* AcehUITests.xctest */ = {isa = PBXFileReference; explicitFileType = wrapper.cfbundle; includeInIndex = 0; path = AcehUITests.xctest; sourceTree = BUILT_PRODUCTS_DIR; };
		D697BC4D1FC8F567002021B0 /* AcehUITests.swift */ = {isa = PBXFileReference; lastKnownFileType = sourcecode.swift; path = AcehUITests.swift; sourceTree = "<group>"; };
		D697BC4F1FC8F567002021B0 /* Info.plist */ = {isa = PBXFileReference; lastKnownFileType = text.plist.xml; path = Info.plist; sourceTree = "<group>"; };
		D697BC5B1FC8F644002021B0 /* ResepTableViewCell.swift */ = {isa = PBXFileReference; lastKnownFileType = sourcecode.swift; path = ResepTableViewCell.swift; sourceTree = SOURCE_ROOT; };
		D697BC5D1FC8F652002021B0 /* ResepTableViewController.swift */ = {isa = PBXFileReference; lastKnownFileType = sourcecode.swift; path = ResepTableViewController.swift; sourceTree = "<group>"; };
		D697BC5F1FC8F666002021B0 /* DetailViewController.swift */ = {isa = PBXFileReference; lastKnownFileType = sourcecode.swift; path = DetailViewController.swift; sourceTree = "<group>"; };
/* End PBXFileReference section */

/* Begin PBXFrameworksBuildPhase section */
		D697BC271FC8F567002021B0 /* Frameworks */ = {
			isa = PBXFrameworksBuildPhase;
			buildActionMask = 2147483647;
			files = (
				5DE0431AF0C459163F5A4BA4 /* Pods_Aceh.framework in Frameworks */,
			);
			runOnlyForDeploymentPostprocessing = 0;
		};
		D697BC3B1FC8F567002021B0 /* Frameworks */ = {
			isa = PBXFrameworksBuildPhase;
			buildActionMask = 2147483647;
			files = (
			);
			runOnlyForDeploymentPostprocessing = 0;
		};
		D697BC461FC8F567002021B0 /* Frameworks */ = {
			isa = PBXFrameworksBuildPhase;
			buildActionMask = 2147483647;
			files = (
			);
			runOnlyForDeploymentPostprocessing = 0;
		};
/* End PBXFrameworksBuildPhase section */

/* Begin PBXGroup section */
		23EE35F50F49EA690236AB26 /* Frameworks */ = {
			isa = PBXGroup;
			children = (
				828B82BB5862A0F198297099 /* Pods_Aceh.framework */,
			);
			name = Frameworks;
			sourceTree = "<group>";
		};
		23F2141575290BDF105415B8 /* Pods */ = {
			isa = PBXGroup;
			children = (
				8E1357552FA93A3CE22D6BB2 /* Pods-Aceh.debug.xcconfig */,
				9B9CD1C19B263966AF1571FE /* Pods-Aceh.release.xcconfig */,
			);
			name = Pods;
			sourceTree = "<group>";
		};
		D697BC211FC8F567002021B0 = {
			isa = PBXGroup;
			children = (
				D697BC2C1FC8F567002021B0 /* Aceh */,
				D697BC411FC8F567002021B0 /* AcehTests */,
				D697BC4C1FC8F567002021B0 /* AcehUITests */,
				D697BC2B1FC8F567002021B0 /* Products */,
				23F2141575290BDF105415B8 /* Pods */,
				23EE35F50F49EA690236AB26 /* Frameworks */,
			);
			sourceTree = "<group>";
		};
		D697BC2B1FC8F567002021B0 /* Products */ = {
			isa = PBXGroup;
			children = (
				D697BC2A1FC8F567002021B0 /* Aceh.app */,
				D697BC3E1FC8F567002021B0 /* AcehTests.xctest */,
				D697BC491FC8F567002021B0 /* AcehUITests.xctest */,
			);
			name = Products;
			sourceTree = "<group>";
		};
		D697BC2C1FC8F567002021B0 /* Aceh */ = {
			isa = PBXGroup;
			children = (
				D697BC2D1FC8F567002021B0 /* AppDelegate.swift */,
				D697BC2F1FC8F567002021B0 /* ViewController.swift */,
				D697BC311FC8F567002021B0 /* Main.storyboard */,
				D697BC341FC8F567002021B0 /* Assets.xcassets */,
				D697BC361FC8F567002021B0 /* LaunchScreen.storyboard */,
				D697BC391FC8F567002021B0 /* Info.plist */,
				D697BC5B1FC8F644002021B0 /* ResepTableViewCell.swift */,
				D697BC5D1FC8F652002021B0 /* ResepTableViewController.swift */,
				D697BC5F1FC8F666002021B0 /* DetailViewController.swift */,
			);
			path = Aceh;
			sourceTree = "<group>";
		};
		D697BC411FC8F567002021B0 /* AcehTests */ = {
			isa = PBXGroup;
			children = (
				D697BC421FC8F567002021B0 /* AcehTests.swift */,
				D697BC441FC8F567002021B0 /* Info.plist */,
			);
			path = AcehTests;
			sourceTree = "<group>";
		};
		D697BC4C1FC8F567002021B0 /* AcehUITests */ = {
			isa = PBXGroup;
			children = (
				D697BC4D1FC8F567002021B0 /* AcehUITests.swift */,
				D697BC4F1FC8F567002021B0 /* Info.plist */,
			);
			path = AcehUITests;
			sourceTree = "<group>";
		};
/* End PBXGroup section */

/* Begin PBXNativeTarget section */
		D697BC291FC8F567002021B0 /* Aceh */ = {
			isa = PBXNativeTarget;
			buildConfigurationList = D697BC521FC8F567002021B0 /* Build configuration list for PBXNativeTarget "Aceh" */;
			buildPhases = (
				FB6DFC2A6E62C440704752E9 /* [CP] Check Pods Manifest.lock */,
				D697BC261FC8F567002021B0 /* Sources */,
				D697BC271FC8F567002021B0 /* Frameworks */,
				D697BC281FC8F567002021B0 /* Resources */,
				903CD7C20C58C9EF4A76CAD0 /* [CP] Embed Pods Frameworks */,
				BDD3226F44208F3915175C84 /* [CP] Copy Pods Resources */,
			);
			buildRules = (
			);
			dependencies = (
			);
			name = Aceh;
			productName = Aceh;
			productReference = D697BC2A1FC8F567002021B0 /* Aceh.app */;
			productType = "com.apple.product-type.application";
		};
		D697BC3D1FC8F567002021B0 /* AcehTests */ = {
			isa = PBXNativeTarget;
			buildConfigurationList = D697BC551FC8F567002021B0 /* Build configuration list for PBXNativeTarget "AcehTests" */;
			buildPhases = (
				D697BC3A1FC8F567002021B0 /* Sources */,
				D697BC3B1FC8F567002021B0 /* Frameworks */,
				D697BC3C1FC8F567002021B0 /* Resources */,
			);
			buildRules = (
			);
			dependencies = (
				D697BC401FC8F567002021B0 /* PBXTargetDependency */,
			);
			name = AcehTests;
			productName = AcehTests;
			productReference = D697BC3E1FC8F567002021B0 /* AcehTests.xctest */;
			productType = "com.apple.product-type.bundle.unit-test";
		};
		D697BC481FC8F567002021B0 /* AcehUITests */ = {
			isa = PBXNativeTarget;
			buildConfigurationList = D697BC581FC8F567002021B0 /* Build configuration list for PBXNativeTarget "AcehUITests" */;
			buildPhases = (
				D697BC451FC8F567002021B0 /* Sources */,
				D697BC461FC8F567002021B0 /* Frameworks */,
				D697BC471FC8F567002021B0 /* Resources */,
			);
			buildRules = (
			);
			dependencies = (
				D697BC4B1FC8F567002021B0 /* PBXTargetDependency */,
			);
			name = AcehUITests;
			productName = AcehUITests;
			productReference = D697BC491FC8F567002021B0 /* AcehUITests.xctest */;
			productType = "com.apple.product-type.bundle.ui-testing";
		};
/* End PBXNativeTarget section */

/* Begin PBXProject section */
		D697BC221FC8F567002021B0 /* Project object */ = {
			isa = PBXProject;
			attributes = {
				LastSwiftUpdateCheck = 0900;
				LastUpgradeCheck = 0900;
				ORGANIZATIONNAME = Djoendhie;
				TargetAttributes = {
					D697BC291FC8F567002021B0 = {
						CreatedOnToolsVersion = 9.0.1;
						ProvisioningStyle = Automatic;
					};
					D697BC3D1FC8F567002021B0 = {
						CreatedOnToolsVersion = 9.0.1;
						ProvisioningStyle = Automatic;
						TestTargetID = D697BC291FC8F567002021B0;
					};
					D697BC481FC8F567002021B0 = {
						CreatedOnToolsVersion = 9.0.1;
						ProvisioningStyle = Automatic;
						TestTargetID = D697BC291FC8F567002021B0;
					};
				};
			};
			buildConfigurationList = D697BC251FC8F567002021B0 /* Build configuration list for PBXProject "Aceh" */;
			compatibilityVersion = "Xcode 8.0";
			developmentRegion = en;
			hasScannedForEncodings = 0;
			knownRegions = (
				en,
				Base,
			);
			mainGroup = D697BC211FC8F567002021B0;
			productRefGroup = D697BC2B1FC8F567002021B0 /* Products */;
			projectDirPath = "";
			projectRoot = "";
			targets = (
				D697BC291FC8F567002021B0 /* Aceh */,
				D697BC3D1FC8F567002021B0 /* AcehTests */,
				D697BC481FC8F567002021B0 /* AcehUITests */,
			);
		};
/* End PBXProject section */

/* Begin PBXResourcesBuildPhase section */
		D697BC281FC8F567002021B0 /* Resources */ = {
			isa = PBXResourcesBuildPhase;
			buildActionMask = 2147483647;
			files = (
				D697BC381FC8F567002021B0 /* LaunchScreen.storyboard in Resources */,
				D697BC351FC8F567002021B0 /* Assets.xcassets in Resources */,
				D697BC331FC8F567002021B0 /* Main.storyboard in Resources */,
			);
			runOnlyForDeploymentPostprocessing = 0;
		};
		D697BC3C1FC8F567002021B0 /* Resources */ = {
			isa = PBXResourcesBuildPhase;
			buildActionMask = 2147483647;
			files = (
			);
			runOnlyForDeploymentPostprocessing = 0;
		};
		D697BC471FC8F567002021B0 /* Resources */ = {
			isa = PBXResourcesBuildPhase;
			buildActionMask = 2147483647;
			files = (
			);
			runOnlyForDeploymentPostprocessing = 0;
		};
/* End PBXResourcesBuildPhase section */

/* Begin PBXShellScriptBuildPhase section */
		903CD7C20C58C9EF4A76CAD0 /* [CP] Embed Pods Frameworks */ = {
			isa = PBXShellScriptBuildPhase;
			buildActionMask = 2147483647;
			files = (
			);
			inputPaths = (
				"${SRCROOT}/Pods/Target Support Files/Pods-Aceh/Pods-Aceh-frameworks.sh",
				"${BUILT_PRODUCTS_DIR}/Alamofire/Alamofire.framework",
				"${BUILT_PRODUCTS_DIR}/SwiftyJSON/SwiftyJSON.framework",
			);
			name = "[CP] Embed Pods Frameworks";
			outputPaths = (
				"${TARGET_BUILD_DIR}/${FRAMEWORKS_FOLDER_PATH}/Alamofire.framework",
				"${TARGET_BUILD_DIR}/${FRAMEWORKS_FOLDER_PATH}/SwiftyJSON.framework",
			);
			runOnlyForDeploymentPostprocessing = 0;
			shellPath = /bin/sh;
			shellScript = "\"${SRCROOT}/Pods/Target Support Files/Pods-Aceh/Pods-Aceh-frameworks.sh\"\n";
			showEnvVarsInLog = 0;
		};
		BDD3226F44208F3915175C84 /* [CP] Copy Pods Resources */ = {
			isa = PBXShellScriptBuildPhase;
			buildActionMask = 2147483647;
			files = (
			);
			inputPaths = (
			);
			name = "[CP] Copy Pods Resources";
			outputPaths = (
			);
			runOnlyForDeploymentPostprocessing = 0;
			shellPath = /bin/sh;
			shellScript = "\"${SRCROOT}/Pods/Target Support Files/Pods-Aceh/Pods-Aceh-resources.sh\"\n";
			showEnvVarsInLog = 0;
		};
		FB6DFC2A6E62C440704752E9 /* [CP] Check Pods Manifest.lock */ = {
			isa = PBXShellScriptBuildPhase;
			buildActionMask = 2147483647;
			files = (
			);
			inputPaths = (
				"${PODS_PODFILE_DIR_PATH}/Podfile.lock",
				"${PODS_ROOT}/Manifest.lock",
			);
			name = "[CP] Check Pods Manifest.lock";
			outputPaths = (
				"$(DERIVED_FILE_DIR)/Pods-Aceh-checkManifestLockResult.txt",
			);
			runOnlyForDeploymentPostprocessing = 0;
			shellPath = /bin/sh;
			shellScript = "diff \"${PODS_PODFILE_DIR_PATH}/Podfile.lock\" \"${PODS_ROOT}/Manifest.lock\" > /dev/null\nif [ $? != 0 ] ; then\n    # print error to STDERR\n    echo \"error: The sandbox is not in sync with the Podfile.lock. Run 'pod install' or update your CocoaPods installation.\" >&2\n    exit 1\nfi\n# This output is used by Xcode 'outputs' to avoid re-running this script phase.\necho \"SUCCESS\" > \"${SCRIPT_OUTPUT_FILE_0}\"\n";
			showEnvVarsInLog = 0;
		};
/* End PBXShellScriptBuildPhase section */

/* Begin PBXSourcesBuildPhase section */
		D697BC261FC8F567002021B0 /* Sources */ = {
			isa = PBXSourcesBuildPhase;
			buildActionMask = 2147483647;
			files = (
				D697BC301FC8F567002021B0 /* ViewController.swift in Sources */,
				D697BC2E1FC8F567002021B0 /* AppDelegate.swift in Sources */,
				D697BC601FC8F666002021B0 /* DetailViewController.swift in Sources */,
				D697BC5C1FC8F644002021B0 /* ResepTableViewCell.swift in Sources */,
				D697BC5E1FC8F652002021B0 /* ResepTableViewController.swift in Sources */,
			);
			runOnlyForDeploymentPostprocessing = 0;
		};
		D697BC3A1FC8F567002021B0 /* Sources */ = {
			isa = PBXSourcesBuildPhase;
			buildActionMask = 2147483647;
			files = (
				D697BC431FC8F567002021B0 /* AcehTests.swift in Sources */,
			);
			runOnlyForDeploymentPostprocessing = 0;
		};
		D697BC451FC8F567002021B0 /* Sources */ = {
			isa = PBXSourcesBuildPhase;
			buildActionMask = 2147483647;
			files = (
				D697BC4E1FC8F567002021B0 /* AcehUITests.swift in Sources */,
			);
			runOnlyForDeploymentPostprocessing = 0;
		};
/* End PBXSourcesBuildPhase section */

/* Begin PBXTargetDependency section */
		D697BC401FC8F567002021B0 /* PBXTargetDependency */ = {
			isa = PBXTargetDependency;
			target = D697BC291FC8F567002021B0 /* Aceh */;
			targetProxy = D697BC3F1FC8F567002021B0 /* PBXContainerItemProxy */;
		};
		D697BC4B1FC8F567002021B0 /* PBXTargetDependency */ = {
			isa = PBXTargetDependency;
			target = D697BC291FC8F567002021B0 /* Aceh */;
			targetProxy = D697BC4A1FC8F567002021B0 /* PBXContainerItemProxy */;
		};
/* End PBXTargetDependency section */

/* Begin PBXVariantGroup section */
		D697BC311FC8F567002021B0 /* Main.storyboard */ = {
			isa = PBXVariantGroup;
			children = (
				D697BC321FC8F567002021B0 /* Base */,
			);
			name = Main.storyboard;
			sourceTree = "<group>";
		};
		D697BC361FC8F567002021B0 /* LaunchScreen.storyboard */ = {
			isa = PBXVariantGroup;
			children = (
				D697BC371FC8F567002021B0 /* Base */,
			);
			name = LaunchScreen.storyboard;
			sourceTree = "<group>";
		};
/* End PBXVariantGroup section */

/* Begin XCBuildConfiguration section */
		D697BC501FC8F567002021B0 /* Debug */ = {
			isa = XCBuildConfiguration;
			buildSettings = {
				ALWAYS_SEARCH_USER_PATHS = NO;
				CLANG_ANALYZER_NONNULL = YES;
				CLANG_ANALYZER_NUMBER_OBJECT_CONVERSION = YES_AGGRESSIVE;
				CLANG_CXX_LANGUAGE_STANDARD = "gnu++14";
				CLANG_CXX_LIBRARY = "libc++";
				CLANG_ENABLE_MODULES = YES;
				CLANG_ENABLE_OBJC_ARC = YES;
				CLANG_WARN_BLOCK_CAPTURE_AUTORELEASING = YES;
				CLANG_WARN_BOOL_CONVERSION = YES;
				CLANG_WARN_COMMA = YES;
				CLANG_WARN_CONSTANT_CONVERSION = YES;
				CLANG_WARN_DIRECT_OBJC_ISA_USAGE = YES_ERROR;
				CLANG_WARN_DOCUMENTATION_COMMENTS = YES;
				CLANG_WARN_EMPTY_BODY = YES;
				CLANG_WARN_ENUM_CONVERSION = YES;
				CLANG_WARN_INFINITE_RECURSION = YES;
				CLANG_WARN_INT_CONVERSION = YES;
				CLANG_WARN_NON_LITERAL_NULL_CONVERSION = YES;
				CLANG_WARN_OBJC_LITERAL_CONVERSION = YES;
				CLANG_WARN_OBJC_ROOT_CLASS = YES_ERROR;
				CLANG_WARN_RANGE_LOOP_ANALYSIS = YES;
				CLANG_WARN_STRICT_PROTOTYPES = YES;
				CLANG_WARN_SUSPICIOUS_MOVE = YES;
				CLANG_WARN_UNGUARDED_AVAILABILITY = YES_AGGRESSIVE;
				CLANG_WARN_UNREACHABLE_CODE = YES;
				CLANG_WARN__DUPLICATE_METHOD_MATCH = YES;
				CODE_SIGN_IDENTITY = "iPhone Developer";
				COPY_PHASE_STRIP = NO;
				DEBUG_INFORMATION_FORMAT = dwarf;
				ENABLE_STRICT_OBJC_MSGSEND = YES;
				ENABLE_TESTABILITY = YES;
				GCC_C_LANGUAGE_STANDARD = gnu11;
				GCC_DYNAMIC_NO_PIC = NO;
				GCC_NO_COMMON_BLOCKS = YES;
				GCC_OPTIMIZATION_LEVEL = 0;
				GCC_PREPROCESSOR_DEFINITIONS = (
					"DEBUG=1",
					"$(inherited)",
				);
				GCC_WARN_64_TO_32_BIT_CONVERSION = YES;
				GCC_WARN_ABOUT_RETURN_TYPE = YES_ERROR;
				GCC_WARN_UNDECLARED_SELECTOR = YES;
				GCC_WARN_UNINITIALIZED_AUTOS = YES_AGGRESSIVE;
				GCC_WARN_UNUSED_FUNCTION = YES;
				GCC_WARN_UNUSED_VARIABLE = YES;
				IPHONEOS_DEPLOYMENT_TARGET = 11.0;
				MTL_ENABLE_DEBUG_INFO = YES;
				ONLY_ACTIVE_ARCH = YES;
				SDKROOT = iphoneos;
				SWIFT_ACTIVE_COMPILATION_CONDITIONS = DEBUG;
				SWIFT_OPTIMIZATION_LEVEL = "-Onone";
			};
			name = Debug;
		};
		D697BC511FC8F567002021B0 /* Release */ = {
			isa = XCBuildConfiguration;
			buildSettings = {
				ALWAYS_SEARCH_USER_PATHS = NO;
				CLANG_ANALYZER_NONNULL = YES;
				CLANG_ANALYZER_NUMBER_OBJECT_CONVERSION = YES_AGGRESSIVE;
				CLANG_CXX_LANGUAGE_STANDARD = "gnu++14";
				CLANG_CXX_LIBRARY = "libc++";
				CLANG_ENABLE_MODULES = YES;
				CLANG_ENABLE_OBJC_ARC = YES;
				CLANG_WARN_BLOCK_CAPTURE_AUTORELEASING = YES;
				CLANG_WARN_BOOL_CONVERSION = YES;
				CLANG_WARN_COMMA = YES;
				CLANG_WARN_CONSTANT_CONVERSION = YES;
				CLANG_WARN_DIRECT_OBJC_ISA_USAGE = YES_ERROR;
				CLANG_WARN_DOCUMENTATION_COMMENTS = YES;
				CLANG_WARN_EMPTY_BODY = YES;
				CLANG_WARN_ENUM_CONVERSION = YES;
				CLANG_WARN_INFINITE_RECURSION = YES;
				CLANG_WARN_INT_CONVERSION = YES;
				CLANG_WARN_NON_LITERAL_NULL_CONVERSION = YES;
				CLANG_WARN_OBJC_LITERAL_CONVERSION = YES;
				CLANG_WARN_OBJC_ROOT_CLASS = YES_ERROR;
				CLANG_WARN_RANGE_LOOP_ANALYSIS = YES;
				CLANG_WARN_STRICT_PROTOTYPES = YES;
				CLANG_WARN_SUSPICIOUS_MOVE = YES;
				CLANG_WARN_UNGUARDED_AVAILABILITY = YES_AGGRESSIVE;
				CLANG_WARN_UNREACHABLE_CODE = YES;
				CLANG_WARN__DUPLICATE_METHOD_MATCH = YES;
				CODE_SIGN_IDENTITY = "iPhone Developer";
				COPY_PHASE_STRIP = NO;
				DEBUG_INFORMATION_FORMAT = "dwarf-with-dsym";
				ENABLE_NS_ASSERTIONS = NO;
				ENABLE_STRICT_OBJC_MSGSEND = YES;
				GCC_C_LANGUAGE_STANDARD = gnu11;
				GCC_NO_COMMON_BLOCKS = YES;
				GCC_WARN_64_TO_32_BIT_CONVERSION = YES;
				GCC_WARN_ABOUT_RETURN_TYPE = YES_ERROR;
				GCC_WARN_UNDECLARED_SELECTOR = YES;
				GCC_WARN_UNINITIALIZED_AUTOS = YES_AGGRESSIVE;
				GCC_WARN_UNUSED_FUNCTION = YES;
				GCC_WARN_UNUSED_VARIABLE = YES;
				IPHONEOS_DEPLOYMENT_TARGET = 11.0;
				MTL_ENABLE_DEBUG_INFO = NO;
				SDKROOT = iphoneos;
				SWIFT_OPTIMIZATION_LEVEL = "-Owholemodule";
				VALIDATE_PRODUCT = YES;
			};
			name = Release;
		};
		D697BC531FC8F567002021B0 /* Debug */ = {
			isa = XCBuildConfiguration;
			baseConfigurationReference = 8E1357552FA93A3CE22D6BB2 /* Pods-Aceh.debug.xcconfig */;
			buildSettings = {
				ASSETCATALOG_COMPILER_APPICON_NAME = AppIcon;
				CODE_SIGN_STYLE = Automatic;
				INFOPLIST_FILE = Aceh/Info.plist;
				LD_RUNPATH_SEARCH_PATHS = "$(inherited) @executable_path/Frameworks";
				PRODUCT_BUNDLE_IDENTIFIER = Djoe.Aceh;
				PRODUCT_NAME = "$(TARGET_NAME)";
				SWIFT_VERSION = 4.0;
				TARGETED_DEVICE_FAMILY = "1,2";
			};
			name = Debug;
		};
		D697BC541FC8F567002021B0 /* Release */ = {
			isa = XCBuildConfiguration;
			baseConfigurationReference = 9B9CD1C19B263966AF1571FE /* Pods-Aceh.release.xcconfig */;
			buildSettings = {
				ASSETCATALOG_COMPILER_APPICON_NAME = AppIcon;
				CODE_SIGN_STYLE = Automatic;
				INFOPLIST_FILE = Aceh/Info.plist;
				LD_RUNPATH_SEARCH_PATHS = "$(inherited) @executable_path/Frameworks";
				PRODUCT_BUNDLE_IDENTIFIER = Djoe.Aceh;
				PRODUCT_NAME = "$(TARGET_NAME)";
				SWIFT_VERSION = 4.0;
				TARGETED_DEVICE_FAMILY = "1,2";
			};
			name = Release;
		};
		D697BC561FC8F567002021B0 /* Debug */ = {
			isa = XCBuildConfiguration;
			buildSettings = {
				ALWAYS_EMBED_SWIFT_STANDARD_LIBRARIES = YES;
				BUNDLE_LOADER = "$(TEST_HOST)";
				CODE_SIGN_STYLE = Automatic;
				INFOPLIST_FILE = AcehTests/Info.plist;
				LD_RUNPATH_SEARCH_PATHS = "$(inherited) @executable_path/Frameworks @loader_path/Frameworks";
				PRODUCT_BUNDLE_IDENTIFIER = Djoe.AcehTests;
				PRODUCT_NAME = "$(TARGET_NAME)";
				SWIFT_VERSION = 4.0;
				TARGETED_DEVICE_FAMILY = "1,2";
				TEST_HOST = "$(BUILT_PRODUCTS_DIR)/Aceh.app/Aceh";
			};
			name = Debug;
		};
		D697BC571FC8F567002021B0 /* Release */ = {
			isa = XCBuildConfiguration;
			buildSettings = {
				ALWAYS_EMBED_SWIFT_STANDARD_LIBRARIES = YES;
				BUNDLE_LOADER = "$(TEST_HOST)";
				CODE_SIGN_STYLE = Automatic;
				INFOPLIST_FILE = AcehTests/Info.plist;
				LD_RUNPATH_SEARCH_PATHS = "$(inherited) @executable_path/Frameworks @loader_path/Frameworks";
				PRODUCT_BUNDLE_IDENTIFIER = Djoe.AcehTests;
				PRODUCT_NAME = "$(TARGET_NAME)";
				SWIFT_VERSION = 4.0;
				TARGETED_DEVICE_FAMILY = "1,2";
				TEST_HOST = "$(BUILT_PRODUCTS_DIR)/Aceh.app/Aceh";
			};
			name = Release;
		};
		D697BC591FC8F567002021B0 /* Debug */ = {
			isa = XCBuildConfiguration;
			buildSettings = {
				ALWAYS_EMBED_SWIFT_STANDARD_LIBRARIES = YES;
				CODE_SIGN_STYLE = Automatic;
				INFOPLIST_FILE = AcehUITests/Info.plist;
				LD_RUNPATH_SEARCH_PATHS = "$(inherited) @executable_path/Frameworks @loader_path/Frameworks";
				PRODUCT_BUNDLE_IDENTIFIER = Djoe.AcehUITests;
				PRODUCT_NAME = "$(TARGET_NAME)";
				SWIFT_VERSION = 4.0;
				TARGETED_DEVICE_FAMILY = "1,2";
				TEST_TARGET_NAME = Aceh;
			};
			name = Debug;
		};
		D697BC5A1FC8F567002021B0 /* Release */ = {
			isa = XCBuildConfiguration;
			buildSettings = {
				ALWAYS_EMBED_SWIFT_STANDARD_LIBRARIES = YES;
				CODE_SIGN_STYLE = Automatic;
				INFOPLIST_FILE = AcehUITests/Info.plist;
				LD_RUNPATH_SEARCH_PATHS = "$(inherited) @executable_path/Frameworks @loader_path/Frameworks";
				PRODUCT_BUNDLE_IDENTIFIER = Djoe.AcehUITests;
				PRODUCT_NAME = "$(TARGET_NAME)";
				SWIFT_VERSION = 4.0;
				TARGETED_DEVICE_FAMILY = "1,2";
				TEST_TARGET_NAME = Aceh;
			};
			name = Release;
		};
/* End XCBuildConfiguration section */

/* Begin XCConfigurationList section */
		D697BC251FC8F567002021B0 /* Build configuration list for PBXProject "Aceh" */ = {
			isa = XCConfigurationList;
			buildConfigurations = (
				D697BC501FC8F567002021B0 /* Debug */,
				D697BC511FC8F567002021B0 /* Release */,
			);
			defaultConfigurationIsVisible = 0;
			defaultConfigurationName = Release;
		};
		D697BC521FC8F567002021B0 /* Build configuration list for PBXNativeTarget "Aceh" */ = {
			isa = XCConfigurationList;
			buildConfigurations = (
				D697BC531FC8F567002021B0 /* Debug */,
				D697BC541FC8F567002021B0 /* Release */,
			);
			defaultConfigurationIsVisible = 0;
			defaultConfigurationName = Release;
		};
		D697BC551FC8F567002021B0 /* Build configuration list for PBXNativeTarget "AcehTests" */ = {
			isa = XCConfigurationList;
			buildConfigurations = (
				D697BC561FC8F567002021B0 /* Debug */,
				D697BC571FC8F567002021B0 /* Release */,
			);
			defaultConfigurationIsVisible = 0;
			defaultConfigurationName = Release;
		};
		D697BC581FC8F567002021B0 /* Build configuration list for PBXNativeTarget "AcehUITests" */ = {
			isa = XCConfigurationList;
			buildConfigurations = (
				D697BC591FC8F567002021B0 /* Debug */,
				D697BC5A1FC8F567002021B0 /* Release */,
			);
			defaultConfigurationIsVisible = 0;
			defaultConfigurationName = Release;
		};
/* End XCConfigurationList section */
	};
	rootObject = D697BC221FC8F567002021B0 /* Project object */;
}
